
Microsoft Visual Studio Solution File, Format Version 12.00
# Visual Studio Version 17
VisualStudioVersion = 17.3.32804.467
MinimumVisualStudioVersion = 10.0.40219.1
Project("{F184B08F-C81C-45F6-A57F-5ABD9991F28F}") = "UIAssessment2Q2", "UIAssessment2Q2\UIAssessment2Q2.vbproj", "{FA04CBCC-266F-4AAA-8D4D-CA681AD79362}"
EndProject
Global
	GlobalSection(SolutionConfigurationPlatforms) = preSolution
		Debug|Any CPU = Debug|Any CPU
		Release|Any CPU = Release|Any CPU
	EndGlobalSection
	GlobalSection(ProjectConfigurationPlatforms) = postSolution
		{FA04CBCC-266F-4AAA-8D4D-CA681AD79362}.Debug|Any CPU.ActiveCfg = Debug|Any CPU
		{FA04CBCC-266F-4AAA-8D4D-CA681AD79362}.Debug|Any CPU.Build.0 = Debug|Any CPU
		{FA04CBCC-266F-4AAA-8D4D-CA681AD79362}.Release|Any CPU.ActiveCfg = Release|Any CPU
		{FA04CBCC-266F-4AAA-8D4D-CA681AD79362}.Release|Any CPU.Build.0 = Release|Any CPU
	EndGlobalSection
	GlobalSection(SolutionProperties) = preSolution
		HideSolutionNode = FALSE
	EndGlobalSection
	GlobalSection(ExtensibilityGlobals) = postSolution
		SolutionGuid = {E2E3006C-B182-4AB3-92FA-904D25949DBF}
	EndGlobalSection
EndGlobal
